// !$*UTF8*$!
{
	archiveVersion = 1;
	classes = {
	};
	objectVersion = 46;
	objects = {

/* Begin PBXBuildFile section */
		FBC274AA1F080E6B007C5170 /* AppDelegate.swift in Sources */ = {isa = PBXBuildFile; fileRef = FBC274A91F080E6B007C5170 /* AppDelegate.swift */; };
		FBC274AC1F080E6B007C5170 /* ViewController.swift in Sources */ = {isa = PBXBuildFile; fileRef = FBC274AB1F080E6B007C5170 /* ViewController.swift */; };
		FBC274AF1F080E6B007C5170 /* Main.storyboard in Resources */ = {isa = PBXBuildFile; fileRef = FBC274AD1F080E6B007C5170 /* Main.storyboard */; };
		FBC274B11F080E6B007C5170 /* Assets.xcassets in Resources */ = {isa = PBXBuildFile; fileRef = FBC274B01F080E6B007C5170 /* Assets.xcassets */; };
		FBC274B41F080E6B007C5170 /* LaunchScreen.storyboard in Resources */ = {isa = PBXBuildFile; fileRef = FBC274B21F080E6B007C5170 /* LaunchScreen.storyboard */; };
		FBC274BC1F080ED0007C5170 /* DegreeExtension.swift in Sources */ = {isa = PBXBuildFile; fileRef = FBC274BB1F080ED0007C5170 /* DegreeExtension.swift */; };
		FBC274BE1F0810AE007C5170 /* CircularShapeLayer.swift in Sources */ = {isa = PBXBuildFile; fileRef = FBC274BD1F0810AE007C5170 /* CircularShapeLayer.swift */; };
		FBC274C21F081210007C5170 /* CircularCAShapeLayer.m in Sources */ = {isa = PBXBuildFile; fileRef = FBC274C11F081210007C5170 /* CircularCAShapeLayer.m */; };
		FBC274C41F08136F007C5170 /* CirclesView.swift in Sources */ = {isa = PBXBuildFile; fileRef = FBC274C31F08136F007C5170 /* CirclesView.swift */; };
/* End PBXBuildFile section */

/* Begin PBXFileReference section */
		FBC274A61F080E6B007C5170 /* CircularLayerWithValuesQuestion.app */ = {isa = PBXFileReference; explicitFileType = wrapper.application; includeInIndex = 0; path = CircularLayerWithValuesQuestion.app; sourceTree = BUILT_PRODUCTS_DIR; };
		FBC274A91F080E6B007C5170 /* AppDelegate.swift */ = {isa = PBXFileReference; lastKnownFileType = sourcecode.swift; path = AppDelegate.swift; sourceTree = "<group>"; };
		FBC274AB1F080E6B007C5170 /* ViewController.swift */ = {isa = PBXFileReference; lastKnownFileType = sourcecode.swift; path = ViewController.swift; sourceTree = "<group>"; };
		FBC274AE1F080E6B007C5170 /* Base */ = {isa = PBXFileReference; lastKnownFileType = file.storyboard; name = Base; path = Base.lproj/Main.storyboard; sourceTree = "<group>"; };
		FBC274B01F080E6B007C5170 /* Assets.xcassets */ = {isa = PBXFileReference; lastKnownFileType = folder.assetcatalog; path = Assets.xcassets; sourceTree = "<group>"; };
		FBC274B31F080E6B007C5170 /* Base */ = {isa = PBXFileReference; lastKnownFileType = file.storyboard; name = Base; path = Base.lproj/LaunchScreen.storyboard; sourceTree = "<group>"; };
		FBC274B51F080E6B007C5170 /* Info.plist */ = {isa = PBXFileReference; lastKnownFileType = text.plist.xml; path = Info.plist; sourceTree = "<group>"; };
		FBC274BB1F080ED0007C5170 /* DegreeExtension.swift */ = {isa = PBXFileReference; fileEncoding = 4; lastKnownFileType = sourcecode.swift; path = DegreeExtension.swift; sourceTree = "<group>"; };
		FBC274BD1F0810AE007C5170 /* CircularShapeLayer.swift */ = {isa = PBXFileReference; fileEncoding = 4; lastKnownFileType = sourcecode.swift; path = CircularShapeLayer.swift; sourceTree = "<group>"; };
		FBC274BF1F08120F007C5170 /* CircularLayerWithValuesQuestion-Bridging-Header.h */ = {isa = PBXFileReference; lastKnownFileType = sourcecode.c.h; path = "CircularLayerWithValuesQuestion-Bridging-Header.h"; sourceTree = "<group>"; };
		FBC274C01F081210007C5170 /* CircularCAShapeLayer.h */ = {isa = PBXFileReference; fileEncoding = 4; lastKnownFileType = sourcecode.c.h; path = CircularCAShapeLayer.h; sourceTree = "<group>"; };
		FBC274C11F081210007C5170 /* CircularCAShapeLayer.m */ = {isa = PBXFileReference; fileEncoding = 4; lastKnownFileType = sourcecode.c.objc; path = CircularCAShapeLayer.m; sourceTree = "<group>"; };
		FBC274C31F08136F007C5170 /* CirclesView.swift */ = {isa = PBXFileReference; fileEncoding = 4; lastKnownFileType = sourcecode.swift; path = CirclesView.swift; sourceTree = "<group>"; };
/* End PBXFileReference section */

/* Begin PBXFrameworksBuildPhase section */
		FBC274A31F080E6B007C5170 /* Frameworks */ = {
			isa = PBXFrameworksBuildPhase;
			buildActionMask = 2147483647;
			files = (
			);
			runOnlyForDeploymentPostprocessing = 0;
		};
/* End PBXFrameworksBuildPhase section */

/* Begin PBXGroup section */
		FBC2749D1F080E6A007C5170 = {
			isa = PBXGroup;
			children = (
				FBC274A81F080E6B007C5170 /* CircularLayerWithValuesQuestion */,
				FBC274A71F080E6B007C5170 /* Products */,
			);
			sourceTree = "<group>";
		};
		FBC274A71F080E6B007C5170 /* Products */ = {
			isa = PBXGroup;
			children = (
				FBC274A61F080E6B007C5170 /* CircularLayerWithValuesQuestion.app */,
			);
			name = Products;
			sourceTree = "<group>";
		};
		FBC274A81F080E6B007C5170 /* CircularLayerWithValuesQuestion */ = {
			isa = PBXGroup;
			children = (
				FBC274C01F081210007C5170 /* CircularCAShapeLayer.h */,
				FBC274C11F081210007C5170 /* CircularCAShapeLayer.m */,
				FBC274BB1F080ED0007C5170 /* DegreeExtension.swift */,
				FBC274A91F080E6B007C5170 /* AppDelegate.swift */,
				FBC274AB1F080E6B007C5170 /* ViewController.swift */,
				FBC274AD1F080E6B007C5170 /* Main.storyboard */,
				FBC274B01F080E6B007C5170 /* Assets.xcassets */,
				FBC274B21F080E6B007C5170 /* LaunchScreen.storyboard */,
				FBC274B51F080E6B007C5170 /* Info.plist */,
				FBC274BD1F0810AE007C5170 /* CircularShapeLayer.swift */,
				FBC274BF1F08120F007C5170 /* CircularLayerWithValuesQuestion-Bridging-Header.h */,
				FBC274C31F08136F007C5170 /* CirclesView.swift */,
			);
			path = CircularLayerWithValuesQuestion;
			sourceTree = "<group>";
		};
/* End PBXGroup section */

/* Begin PBXNativeTarget section */
		FBC274A51F080E6B007C5170 /* CircularLayerWithValuesQuestion */ = {
			isa = PBXNativeTarget;
			buildConfigurationList = FBC274B81F080E6B007C5170 /* Build configuration list for PBXNativeTarget "CircularLayerWithValuesQuestion" */;
			buildPhases = (
				FBC274A21F080E6B007C5170 /* Sources */,
				FBC274A31F080E6B007C5170 /* Frameworks */,
				FBC274A41F080E6B007C5170 /* Resources */,
			);
			buildRules = (
			);
			dependencies = (
			);
			name = CircularLayerWithValuesQuestion;
			productName = CircularLayerWithValuesQuestion;
			productReference = FBC274A61F080E6B007C5170 /* CircularLayerWithValuesQuestion.app */;
			productType = "com.apple.product-type.application";
		};
/* End PBXNativeTarget section */

/* Begin PBXProject section */
		FBC2749E1F080E6A007C5170 /* Project object */ = {
			isa = PBXProject;
			attributes = {
				LastSwiftUpdateCheck = 0830;
				LastUpgradeCheck = 0830;
				ORGANIZATIONNAME = Pruebas;
				TargetAttributes = {
					FBC274A51F080E6B007C5170 = {
						CreatedOnToolsVersion = 8.3.2;
						DevelopmentTeam = FWYL5KC8D3;
						LastSwiftMigration = 0830;
						ProvisioningStyle = Manual;
					};
				};
			};
			buildConfigurationList = FBC274A11F080E6A007C5170 /* Build configuration list for PBXProject "CircularLayerWithValuesQuestion" */;
			compatibilityVersion = "Xcode 3.2";
			developmentRegion = English;
			hasScannedForEncodings = 0;
			knownRegions = (
				en,
				Base,
			);
			mainGroup = FBC2749D1F080E6A007C5170;
			productRefGroup = FBC274A71F080E6B007C5170 /* Products */;
			projectDirPath = "";
			projectRoot = "";
			targets = (
				FBC274A51F080E6B007C5170 /* CircularLayerWithValuesQuestion */,
			);
		};
/* End PBXProject section */

/* Begin PBXResourcesBuildPhase section */
		FBC274A41F080E6B007C5170 /* Resources */ = {
			isa = PBXResourcesBuildPhase;
			buildActionMask = 2147483647;
			files = (
				FBC274B41F080E6B007C5170 /* LaunchScreen.storyboard in Resources */,
				FBC274B11F080E6B007C5170 /* Assets.xcassets in Resources */,
				FBC274AF1F080E6B007C5170 /* Main.storyboard in Resources */,
			);
			runOnlyForDeploymentPostprocessing = 0;
		};
/* End PBXResourcesBuildPhase section */

/* Begin PBXSourcesBuildPhase section */
		FBC274A21F080E6B007C5170 /* Sources */ = {
			isa = PBXSourcesBuildPhase;
			buildActionMask = 2147483647;
			files = (
				FBC274BC1F080ED0007C5170 /* DegreeExtension.swift in Sources */,
				FBC274C21F081210007C5170 /* CircularCAShapeLayer.m in Sources */,
				FBC274C41F08136F007C5170 /* CirclesView.swift in Sources */,
				FBC274AC1F080E6B007C5170 /* ViewController.swift in Sources */,
				FBC274BE1F0810AE007C5170 /* CircularShapeLayer.swift in Sources */,
				FBC274AA1F080E6B007C5170 /* AppDelegate.swift in Sources */,
			);
			runOnlyForDeploymentPostprocessing = 0;
		};
/* End PBXSourcesBuildPhase section */

/* Begin PBXVariantGroup section */
		FBC274AD1F080E6B007C5170 /* Main.storyboard */ = {
			isa = PBXVariantGroup;
			children = (
				FBC274AE1F080E6B007C5170 /* Base */,
			);
			name = Main.storyboard;
			sourceTree = "<group>";
		};
		FBC274B21F080E6B007C5170 /* LaunchScreen.storyboard */ = {
			isa = PBXVariantGroup;
			children = (
				FBC274B31F080E6B007C5170 /* Base */,
			);
			name = LaunchScreen.storyboard;
			sourceTree = "<group>";
		};
/* End PBXVariantGroup section */

/* Begin XCBuildConfiguration section */
		FBC274B61F080E6B007C5170 /* Debug */ = {
			isa = XCBuildConfiguration;
			buildSettings = {
				ALWAYS_SEARCH_USER_PATHS = NO;
				CLANG_ANALYZER_NONNULL = YES;
				CLANG_ANALYZER_NUMBER_OBJECT_CONVERSION = YES_AGGRESSIVE;
				CLANG_CXX_LANGUAGE_STANDARD = "gnu++0x";
				CLANG_CXX_LIBRARY = "libc++";
				CLANG_ENABLE_MODULES = YES;
				CLANG_ENABLE_OBJC_ARC = YES;
				CLANG_WARN_BOOL_CONVERSION = YES;
				CLANG_WARN_CONSTANT_CONVERSION = YES;
				CLANG_WARN_DIRECT_OBJC_ISA_USAGE = YES_ERROR;
				CLANG_WARN_DOCUMENTATION_COMMENTS = YES;
				CLANG_WARN_EMPTY_BODY = YES;
				CLANG_WARN_ENUM_CONVERSION = YES;
				CLANG_WARN_INFINITE_RECURSION = YES;
				CLANG_WARN_INT_CONVERSION = YES;
				CLANG_WARN_OBJC_ROOT_CLASS = YES_ERROR;
				CLANG_WARN_SUSPICIOUS_MOVE = YES;
				CLANG_WARN_UNREACHABLE_CODE = YES;
				CLANG_WARN__DUPLICATE_METHOD_MATCH = YES;
				"CODE_SIGN_IDENTITY[sdk=iphoneos*]" = "iPhone Developer";
				COPY_PHASE_STRIP = NO;
				DEBUG_INFORMATION_FORMAT = dwarf;
				ENABLE_STRICT_OBJC_MSGSEND = YES;
				ENABLE_TESTABILITY = YES;
				GCC_C_LANGUAGE_STANDARD = gnu99;
				GCC_DYNAMIC_NO_PIC = NO;
				GCC_NO_COMMON_BLOCKS = YES;
				GCC_OPTIMIZATION_LEVEL = 0;
				GCC_PREPROCESSOR_DEFINITIONS = (
					"DEBUG=1",
					"$(inherited)",
				);
				GCC_WARN_64_TO_32_BIT_CONVERSION = YES;
				GCC_WARN_ABOUT_RETURN_TYPE = YES_ERROR;
				GCC_WARN_UNDECLARED_SELECTOR = YES;
				GCC_WARN_UNINITIALIZED_AUTOS = YES_AGGRESSIVE;
				GCC_WARN_UNUSED_FUNCTION = YES;
				GCC_WARN_UNUSED_VARIABLE = YES;
				IPHONEOS_DEPLOYMENT_TARGET = 10.3;
				MTL_ENABLE_DEBUG_INFO = YES;
				ONLY_ACTIVE_ARCH = YES;
				SDKROOT = iphoneos;
				SWIFT_ACTIVE_COMPILATION_CONDITIONS = DEBUG;
				SWIFT_OPTIMIZATION_LEVEL = "-Onone";
			};
			name = Debug;
		};
		FBC274B71F080E6B007C5170 /* Release */ = {
			isa = XCBuildConfiguration;
			buildSettings = {
				ALWAYS_SEARCH_USER_PATHS = NO;
				CLANG_ANALYZER_NONNULL = YES;
				CLANG_ANALYZER_NUMBER_OBJECT_CONVERSION = YES_AGGRESSIVE;
				CLANG_CXX_LANGUAGE_STANDARD = "gnu++0x";
				CLANG_CXX_LIBRARY = "libc++";
				CLANG_ENABLE_MODULES = YES;
				CLANG_ENABLE_OBJC_ARC = YES;
				CLANG_WARN_BOOL_CONVERSION = YES;
				CLANG_WARN_CONSTANT_CONVERSION = YES;
				CLANG_WARN_DIRECT_OBJC_ISA_USAGE = YES_ERROR;
				CLANG_WARN_DOCUMENTATION_COMMENTS = YES;
				CLANG_WARN_EMPTY_BODY = YES;
				CLANG_WARN_ENUM_CONVERSION = YES;
				CLANG_WARN_INFINITE_RECURSION = YES;
				CLANG_WARN_INT_CONVERSION = YES;
				CLANG_WARN_OBJC_ROOT_CLASS = YES_ERROR;
				CLANG_WARN_SUSPICIOUS_MOVE = YES;
				CLANG_WARN_UNREACHABLE_CODE = YES;
				CLANG_WARN__DUPLICATE_METHOD_MATCH = YES;
				"CODE_SIGN_IDENTITY[sdk=iphoneos*]" = "iPhone Developer";
				COPY_PHASE_STRIP = NO;
				DEBUG_INFORMATION_FORMAT = "dwarf-with-dsym";
				ENABLE_NS_ASSERTIONS = NO;
				ENABLE_STRICT_OBJC_MSGSEND = YES;
				GCC_C_LANGUAGE_STANDARD = gnu99;
				GCC_NO_COMMON_BLOCKS = YES;
				GCC_WARN_64_TO_32_BIT_CONVERSION = YES;
				GCC_WARN_ABOUT_RETURN_TYPE = YES_ERROR;
				GCC_WARN_UNDECLARED_SELECTOR = YES;
				GCC_WARN_UNINITIALIZED_AUTOS = YES_AGGRESSIVE;
				GCC_WARN_UNUSED_FUNCTION = YES;
				GCC_WARN_UNUSED_VARIABLE = YES;
				IPHONEOS_DEPLOYMENT_TARGET = 10.3;
				MTL_ENABLE_DEBUG_INFO = NO;
				SDKROOT = iphoneos;
				SWIFT_OPTIMIZATION_LEVEL = "-Owholemodule";
				VALIDATE_PRODUCT = YES;
			};
			name = Release;
		};
		FBC274B91F080E6B007C5170 /* Debug */ = {
			isa = XCBuildConfiguration;
			buildSettings = {
				ASSETCATALOG_COMPILER_APPICON_NAME = AppIcon;
				CLANG_ENABLE_MODULES = YES;
				DEVELOPMENT_TEAM = FWYL5KC8D3;
				INFOPLIST_FILE = CircularLayerWithValuesQuestion/Info.plist;
				LD_RUNPATH_SEARCH_PATHS = "$(inherited) @executable_path/Frameworks";
				PRODUCT_BUNDLE_IDENTIFIER = com.pruebas.CircularLayerWithValuesQuestion;
				PRODUCT_NAME = "$(TARGET_NAME)";
				PROVISIONING_PROFILE = "c6899c4d-4e8a-483c-809a-4a59fc296041";
				PROVISIONING_PROFILE_SPECIFIER = forTestingDevelopment;
				SWIFT_OBJC_BRIDGING_HEADER = "CircularLayerWithValuesQuestion/CircularLayerWithValuesQuestion-Bridging-Header.h";
				SWIFT_OPTIMIZATION_LEVEL = "-Onone";
				SWIFT_VERSION = 3.0;
			};
			name = Debug;
		};
		FBC274BA1F080E6B007C5170 /* Release */ = {
			isa = XCBuildConfiguration;
			buildSettings = {
				ASSETCATALOG_COMPILER_APPICON_NAME = AppIcon;
				CLANG_ENABLE_MODULES = YES;
				"CODE_SIGN_IDENTITY[sdk=iphoneos*]" = "iPhone Distribution";
				DEVELOPMENT_TEAM = FWYL5KC8D3;
				INFOPLIST_FILE = CircularLayerWithValuesQuestion/Info.plist;
				LD_RUNPATH_SEARCH_PATHS = "$(inherited) @executable_path/Frameworks";
				PRODUCT_BUNDLE_IDENTIFIER = com.pruebas.CircularLayerWithValuesQuestion;
				PRODUCT_NAME = "$(TARGET_NAME)";
				PROVISIONING_PROFILE = "66e7537d-af00-4890-ad27-1514175ab9a6";
				PROVISIONING_PROFILE_SPECIFIER = forTestDistributionAdHoc;
				SWIFT_OBJC_BRIDGING_HEADER = "CircularLayerWithValuesQuestion/CircularLayerWithValuesQuestion-Bridging-Header.h";
				SWIFT_VERSION = 3.0;
			};
			name = Release;
		};
/* End XCBuildConfiguration section */

/* Begin XCConfigurationList section */
		FBC274A11F080E6A007C5170 /* Build configuration list for PBXProject "CircularLayerWithValuesQuestion" */ = {
			isa = XCConfigurationList;
			buildConfigurations = (
				FBC274B61F080E6B007C5170 /* Debug */,
				FBC274B71F080E6B007C5170 /* Release */,
			);
			defaultConfigurationIsVisible = 0;
			defaultConfigurationName = Release;
		};
		FBC274B81F080E6B007C5170 /* Build configuration list for PBXNativeTarget "CircularLayerWithValuesQuestion" */ = {
			isa = XCConfigurationList;
			buildConfigurations = (
				FBC274B91F080E6B007C5170 /* Debug */,
				FBC274BA1F080E6B007C5170 /* Release */,
			);
			defaultConfigurationIsVisible = 0;
			defaultConfigurationName = Release;
		};
/* End XCConfigurationList section */
	};
	rootObject = FBC2749E1F080E6A007C5170 /* Project object */;
}
